
Microsoft Visual Studio Solution File, Format Version 12.00
# Visual Studio Version 17
VisualStudioVersion = 17.4.33205.214
MinimumVisualStudioVersion = 10.0.40219.1
Project("{2150E333-8FDC-42A3-9474-1A3956D46DE8}") = "Microservices", "Microservices", "{95CE2011-1012-45AE-9B41-ADBE31A56082}"
EndProject
Project("{FAE04EC0-301F-11D3-BF4B-00C04F79EFBC}") = "User.Microservice", "User.Microservice\User.Microservice.csproj", "{158850A7-398A-406C-90FD-46E6B730B941}"
EndProject
Project("{FAE04EC0-301F-11D3-BF4B-00C04F79EFBC}") = "Pet.Microservice", "Pet.Microservice\Pet.Microservice.csproj", "{4A07213E-5E49-4FBF-A75E-9DD29637DE2D}"
EndProject
Project("{FAE04EC0-301F-11D3-BF4B-00C04F79EFBC}") = "Device.Microservice", "Device.Microservice\Device.Microservice.csproj", "{58EF1DDE-FC1B-4389-846B-EFF0BBEAFB51}"
EndProject
Project("{FAE04EC0-301F-11D3-BF4B-00C04F79EFBC}") = "Payment.Microservice", "Payment.Microservice\Payment.Microservice.csproj", "{F1534AAE-E685-4543-B1E9-DC5DFEE1A65F}"
EndProject
Project("{FAE04EC0-301F-11D3-BF4B-00C04F79EFBC}") = "Location.Microservice", "Location.Microservice\Location.Microservice.csproj", "{BE88BC8D-8684-4C8F-8C30-59CB0604AD3A}"
EndProject
Project("{FAE04EC0-301F-11D3-BF4B-00C04F79EFBC}") = "Gateway.WebApi", "Gateway.WebApi\Gateway.WebApi.csproj", "{2F6A4F10-8C95-4C01-B2F6-414FBA674BFD}"
EndProject
Global
	GlobalSection(SolutionConfigurationPlatforms) = preSolution
		Debug|Any CPU = Debug|Any CPU
		Release|Any CPU = Release|Any CPU
	EndGlobalSection
	GlobalSection(ProjectConfigurationPlatforms) = postSolution
		{158850A7-398A-406C-90FD-46E6B730B941}.Debug|Any CPU.ActiveCfg = Debug|Any CPU
		{158850A7-398A-406C-90FD-46E6B730B941}.Debug|Any CPU.Build.0 = Debug|Any CPU
		{158850A7-398A-406C-90FD-46E6B730B941}.Release|Any CPU.ActiveCfg = Release|Any CPU
		{158850A7-398A-406C-90FD-46E6B730B941}.Release|Any CPU.Build.0 = Release|Any CPU
		{4A07213E-5E49-4FBF-A75E-9DD29637DE2D}.Debug|Any CPU.ActiveCfg = Debug|Any CPU
		{4A07213E-5E49-4FBF-A75E-9DD29637DE2D}.Debug|Any CPU.Build.0 = Debug|Any CPU
		{4A07213E-5E49-4FBF-A75E-9DD29637DE2D}.Release|Any CPU.ActiveCfg = Release|Any CPU
		{4A07213E-5E49-4FBF-A75E-9DD29637DE2D}.Release|Any CPU.Build.0 = Release|Any CPU
		{58EF1DDE-FC1B-4389-846B-EFF0BBEAFB51}.Debug|Any CPU.ActiveCfg = Debug|Any CPU
		{58EF1DDE-FC1B-4389-846B-EFF0BBEAFB51}.Debug|Any CPU.Build.0 = Debug|Any CPU
		{58EF1DDE-FC1B-4389-846B-EFF0BBEAFB51}.Release|Any CPU.ActiveCfg = Release|Any CPU
		{58EF1DDE-FC1B-4389-846B-EFF0BBEAFB51}.Release|Any CPU.Build.0 = Release|Any CPU
		{F1534AAE-E685-4543-B1E9-DC5DFEE1A65F}.Debug|Any CPU.ActiveCfg = Debug|Any CPU
		{F1534AAE-E685-4543-B1E9-DC5DFEE1A65F}.Debug|Any CPU.Build.0 = Debug|Any CPU
		{F1534AAE-E685-4543-B1E9-DC5DFEE1A65F}.Release|Any CPU.ActiveCfg = Release|Any CPU
		{F1534AAE-E685-4543-B1E9-DC5DFEE1A65F}.Release|Any CPU.Build.0 = Release|Any CPU
		{BE88BC8D-8684-4C8F-8C30-59CB0604AD3A}.Debug|Any CPU.ActiveCfg = Debug|Any CPU
		{BE88BC8D-8684-4C8F-8C30-59CB0604AD3A}.Debug|Any CPU.Build.0 = Debug|Any CPU
		{BE88BC8D-8684-4C8F-8C30-59CB0604AD3A}.Release|Any CPU.ActiveCfg = Release|Any CPU
		{BE88BC8D-8684-4C8F-8C30-59CB0604AD3A}.Release|Any CPU.Build.0 = Release|Any CPU
		{2F6A4F10-8C95-4C01-B2F6-414FBA674BFD}.Debug|Any CPU.ActiveCfg = Debug|Any CPU
		{2F6A4F10-8C95-4C01-B2F6-414FBA674BFD}.Debug|Any CPU.Build.0 = Debug|Any CPU
		{2F6A4F10-8C95-4C01-B2F6-414FBA674BFD}.Release|Any CPU.ActiveCfg = Release|Any CPU
		{2F6A4F10-8C95-4C01-B2F6-414FBA674BFD}.Release|Any CPU.Build.0 = Release|Any CPU
	EndGlobalSection
	GlobalSection(SolutionProperties) = preSolution
		HideSolutionNode = FALSE
	EndGlobalSection
	GlobalSection(NestedProjects) = preSolution
		{158850A7-398A-406C-90FD-46E6B730B941} = {95CE2011-1012-45AE-9B41-ADBE31A56082}
		{4A07213E-5E49-4FBF-A75E-9DD29637DE2D} = {95CE2011-1012-45AE-9B41-ADBE31A56082}
		{58EF1DDE-FC1B-4389-846B-EFF0BBEAFB51} = {95CE2011-1012-45AE-9B41-ADBE31A56082}
		{F1534AAE-E685-4543-B1E9-DC5DFEE1A65F} = {95CE2011-1012-45AE-9B41-ADBE31A56082}
		{BE88BC8D-8684-4C8F-8C30-59CB0604AD3A} = {95CE2011-1012-45AE-9B41-ADBE31A56082}
	EndGlobalSection
	GlobalSection(ExtensibilityGlobals) = postSolution
		SolutionGuid = {C5BE177E-90C3-4D6D-A167-E0A11517D799}
	EndGlobalSection
EndGlobal
